{
  "name": "@reggi/pkgprop-cli",
  "version": "0.0.1",
  "lockfileVersion": 1,
  "requires": true,
  "dependencies": {
    "@reggi/command": {
      "version": "file:../command"
    },
    "@reggi/help": {
      "version": "file:../help",
      "requires": {
        "@reggi/help.parse-argv": "file:../help.parse-argv",
        "@reggi/journey": "file:../journey",
        "lodash": "4.17.10"
      },
      "dependencies": {
        "@reggi/help.parse-argv": {
          "version": "file:../help.parse-argv",
          "bundled": true,
          "requires": {
            "@reggi/help.filter-until": "file:../help.filter-until",
            "@reggi/help.set-entire": "file:../help.set-entire",
            "lodash": "4.17.10"
          },
          "dependencies": {
            "@reggi/help.filter-until": {
              "version": "file:../help.filter-until",
              "bundled": true,
              "requires": {
                "lodash": "4.17.10"
              },
              "dependencies": {
                "lodash": {
                  "version": "4.17.10",
                  "bundled": true
                }
              }
            },
            "@reggi/help.set-entire": {
              "version": "file:../help.set-entire",
              "bundled": true,
              "requires": {
                "lodash": "4.17.10"
              },
              "dependencies": {
                "lodash": {
                  "version": "4.17.10",
                  "bundled": true
                }
              }
            },
            "lodash": {
              "version": "4.17.10",
              "bundled": true
            }
          }
        },
        "@reggi/journey": {
          "version": "file:../journey",
          "bundled": true,
          "requires": {
            "@reggi/journey.coerce-to-array": "file:../journey.coerce-to-array",
            "@reggi/journey.fn-free": "file:../journey.fn-free",
            "@reggi/journey.fn-reduce": "file:../journey.fn-reduce",
            "lodash": "4.17.10"
          },
          "dependencies": {
            "@reggi/journey.coerce-to-array": {
              "version": "file:../journey.coerce-to-array",
              "bundled": true,
              "requires": {
                "lodash": "4.17.10"
              },
              "dependencies": {
                "lodash": {
                  "version": "4.17.10",
                  "bundled": true
                }
              }
            },
            "@reggi/journey.fn-free": {
              "version": "file:../journey.fn-free",
              "bundled": true,
              "requires": {
                "@reggi/journey.is-promise": "file:../journey.is-promise"
              },
              "dependencies": {
                "@reggi/journey.is-promise": {
                  "version": "file:../journey.is-promise",
                  "bundled": true
                }
              }
            },
            "@reggi/journey.fn-reduce": {
              "version": "file:../journey.fn-reduce",
              "bundled": true,
              "requires": {
                "@reggi/journey.coerce-to-plain-object": "file:../journey.coerce-to-plain-object",
                "@reggi/journey.is-promise": "file:../journey.is-promise",
                "@reggi/journey.pass-thru": "file:../journey.pass-thru"
              },
              "dependencies": {
                "@reggi/journey.coerce-to-plain-object": {
                  "version": "file:../journey.coerce-to-plain-object",
                  "bundled": true,
                  "requires": {
                    "lodash": "4.17.10"
                  },
                  "dependencies": {
                    "lodash": {
                      "version": "4.17.10",
                      "bundled": true
                    }
                  }
                },
                "@reggi/journey.is-promise": {
                  "version": "file:../journey.is-promise",
                  "bundled": true
                },
                "@reggi/journey.pass-thru": {
                  "version": "file:../journey.pass-thru",
                  "bundled": true,
                  "requires": {
                    "@reggi/journey.is-promise": "file:../journey.is-promise"
                  },
                  "dependencies": {
                    "@reggi/journey.is-promise": {
                      "version": "file:../journey.is-promise",
                      "bundled": true
                    }
                  }
                }
              }
            },
            "lodash": {
              "version": "4.17.10",
              "bundled": true
            }
          }
        },
        "lodash": {
          "version": "4.17.10",
          "bundled": true
        }
      }
    },
    "@reggi/help.string-argv": {
      "version": "file:../help.string-argv",
      "requires": {
        "babel-runtime": "6.26.0",
        "execa": "0.10.0"
      },
      "dependencies": {
        "babel-runtime": {
          "version": "6.26.0",
          "bundled": true,
          "requires": {
            "core-js": "2.5.5",
            "regenerator-runtime": "0.11.1"
          }
        },
        "core-js": {
          "version": "2.5.5",
          "bundled": true
        },
        "cross-spawn": {
          "version": "6.0.5",
          "bundled": true,
          "requires": {
            "nice-try": "1.0.4",
            "path-key": "2.0.1",
            "semver": "5.5.0",
            "shebang-command": "1.2.0",
            "which": "1.3.0"
          }
        },
        "execa": {
          "version": "0.10.0",
          "bundled": true,
          "requires": {
            "cross-spawn": "6.0.5",
            "get-stream": "3.0.0",
            "is-stream": "1.1.0",
            "npm-run-path": "2.0.2",
            "p-finally": "1.0.0",
            "signal-exit": "3.0.2",
            "strip-eof": "1.0.0"
          }
        },
        "get-stream": {
          "version": "3.0.0",
          "bundled": true
        },
        "is-stream": {
          "version": "1.1.0",
          "bundled": true
        },
        "isexe": {
          "version": "2.0.0",
          "bundled": true
        },
        "nice-try": {
          "version": "1.0.4",
          "bundled": true
        },
        "npm-run-path": {
          "version": "2.0.2",
          "bundled": true,
          "requires": {
            "path-key": "2.0.1"
          }
        },
        "p-finally": {
          "version": "1.0.0",
          "bundled": true
        },
        "path-key": {
          "version": "2.0.1",
          "bundled": true
        },
        "regenerator-runtime": {
          "version": "0.11.1",
          "bundled": true
        },
        "semver": {
          "version": "5.5.0",
          "bundled": true
        },
        "shebang-command": {
          "version": "1.2.0",
          "bundled": true,
          "requires": {
            "shebang-regex": "1.0.0"
          }
        },
        "shebang-regex": {
          "version": "1.0.0",
          "bundled": true
        },
        "signal-exit": {
          "version": "3.0.2",
          "bundled": true
        },
        "strip-eof": {
          "version": "1.0.0",
          "bundled": true
        },
        "which": {
          "version": "1.3.0",
          "bundled": true,
          "requires": {
            "isexe": "2.0.0"
          }
        }
      }
    },
    "@reggi/pkgprop": {
      "version": "file:../pkgprop",
      "requires": {
        "@reggi/help.set-entire": "0.0.8",
        "babel-plugin-rewire": "1.1.0",
        "babel-runtime": "6.26.0",
        "deepmerge": "2.1.0",
        "inquirer": "5.2.0"
      },
      "dependencies": {
        "@reggi/help.set-entire": {
          "version": "0.0.8",
          "bundled": true,
          "requires": {
            "lodash": "4.17.10"
          }
        },
        "ansi-escapes": {
          "version": "3.1.0",
          "bundled": true
        },
        "ansi-regex": {
          "version": "3.0.0",
          "bundled": true
        },
        "ansi-styles": {
          "version": "3.2.1",
          "bundled": true,
          "requires": {
            "color-convert": "1.9.1"
          }
        },
        "babel-plugin-rewire": {
          "version": "1.1.0",
          "bundled": true
        },
        "babel-runtime": {
          "version": "6.26.0",
          "bundled": true,
          "requires": {
            "core-js": "2.5.5",
            "regenerator-runtime": "0.11.1"
          }
        },
        "buffer-from": {
          "version": "1.0.0",
          "bundled": true
        },
        "caller-id": {
          "version": "0.1.0",
          "bundled": true,
          "requires": {
            "stack-trace": "0.0.10"
          }
        },
        "chalk": {
          "version": "2.4.1",
          "bundled": true,
          "requires": {
            "ansi-styles": "3.2.1",
            "escape-string-regexp": "1.0.5",
            "supports-color": "5.4.0"
          }
        },
        "chardet": {
          "version": "0.4.2",
          "bundled": true
        },
        "cli-cursor": {
          "version": "2.1.0",
          "bundled": true,
          "requires": {
            "restore-cursor": "2.0.0"
          }
        },
        "cli-width": {
          "version": "2.2.0",
          "bundled": true
        },
        "code-point-at": {
          "version": "1.1.0",
          "bundled": true
        },
        "color-convert": {
          "version": "1.9.1",
          "bundled": true,
          "requires": {
            "color-name": "1.1.3"
          }
        },
        "color-name": {
          "version": "1.1.3",
          "bundled": true
        },
        "concat-stream": {
          "version": "1.6.2",
          "bundled": true,
          "requires": {
            "buffer-from": "1.0.0",
            "inherits": "2.0.3",
            "readable-stream": "2.3.6",
            "typedarray": "0.0.6"
          }
        },
        "core-js": {
          "version": "2.5.5",
          "bundled": true
        },
        "core-util-is": {
          "version": "1.0.2",
          "bundled": true
        },
        "deepmerge": {
          "version": "2.1.0",
          "bundled": true
        },
        "escape-string-regexp": {
          "version": "1.0.5",
          "bundled": true
        },
        "exit-hook": {
          "version": "1.1.1",
          "bundled": true
        },
        "extend": {
          "version": "3.0.1",
          "bundled": true
        },
        "external-editor": {
          "version": "2.2.0",
          "bundled": true,
          "requires": {
            "chardet": "0.4.2",
            "iconv-lite": "0.4.21",
            "tmp": "0.0.33"
          }
        },
        "figures": {
          "version": "2.0.0",
          "bundled": true,
          "requires": {
            "escape-string-regexp": "1.0.5"
          }
        },
        "has-ansi": {
          "version": "2.0.0",
          "bundled": true,
          "requires": {
            "ansi-regex": "2.1.1"
          },
          "dependencies": {
            "ansi-regex": {
              "version": "2.1.1",
              "bundled": true
            }
          }
        },
        "has-flag": {
          "version": "3.0.0",
          "bundled": true
        },
        "iconv-lite": {
          "version": "0.4.21",
          "bundled": true,
          "requires": {
            "safer-buffer": "2.1.2"
          }
        },
        "inherits": {
          "version": "2.0.3",
          "bundled": true
        },
        "inquirer": {
          "version": "5.2.0",
          "bundled": true,
          "requires": {
            "ansi-escapes": "3.1.0",
            "chalk": "2.4.1",
            "cli-cursor": "2.1.0",
            "cli-width": "2.2.0",
            "external-editor": "2.2.0",
            "figures": "2.0.0",
            "lodash": "4.17.10",
            "mute-stream": "0.0.7",
            "run-async": "2.3.0",
            "rxjs": "5.5.10",
            "string-width": "2.1.1",
            "strip-ansi": "4.0.0",
            "through": "2.3.8"
          }
        },
        "is-fullwidth-code-point": {
          "version": "2.0.0",
          "bundled": true
        },
        "is-promise": {
          "version": "2.1.0",
          "bundled": true
        },
        "isarray": {
          "version": "1.0.0",
          "bundled": true
        },
        "lodash": {
          "version": "4.17.10",
          "bundled": true
        },
        "mimic-fn": {
          "version": "1.2.0",
          "bundled": true
        },
        "mock-fs": {
          "version": "4.4.2",
          "bundled": true
        },
        "mock-inquirer": {
          "version": "1.0.0",
          "bundled": true,
          "requires": {
            "inquirer": "1.2.3",
            "mock-require": "2.0.2"
          },
          "dependencies": {
            "ansi-escapes": {
              "version": "1.4.0",
              "bundled": true
            },
            "ansi-regex": {
              "version": "2.1.1",
              "bundled": true
            },
            "ansi-styles": {
              "version": "2.2.1",
              "bundled": true
            },
            "chalk": {
              "version": "1.1.3",
              "bundled": true,
              "requires": {
                "ansi-styles": "2.2.1",
                "escape-string-regexp": "1.0.5",
                "has-ansi": "2.0.0",
                "strip-ansi": "3.0.1",
                "supports-color": "2.0.0"
              }
            },
            "cli-cursor": {
              "version": "1.0.2",
              "bundled": true,
              "requires": {
                "restore-cursor": "1.0.1"
              }
            },
            "external-editor": {
              "version": "1.1.1",
              "bundled": true,
              "requires": {
                "extend": "3.0.1",
                "spawn-sync": "1.0.15",
                "tmp": "0.0.29"
              }
            },
            "figures": {
              "version": "1.7.0",
              "bundled": true,
              "requires": {
                "escape-string-regexp": "1.0.5",
                "object-assign": "4.1.1"
              }
            },
            "inquirer": {
              "version": "1.2.3",
              "bundled": true,
              "requires": {
                "ansi-escapes": "1.4.0",
                "chalk": "1.1.3",
                "cli-cursor": "1.0.2",
                "cli-width": "2.2.0",
                "external-editor": "1.1.1",
                "figures": "1.7.0",
                "lodash": "4.17.10",
                "mute-stream": "0.0.6",
                "pinkie-promise": "2.0.1",
                "run-async": "2.3.0",
                "rx": "4.1.0",
                "string-width": "1.0.2",
                "strip-ansi": "3.0.1",
                "through": "2.3.8"
              }
            },
            "is-fullwidth-code-point": {
              "version": "1.0.0",
              "bundled": true,
              "requires": {
                "number-is-nan": "1.0.1"
              }
            },
            "mute-stream": {
              "version": "0.0.6",
              "bundled": true
            },
            "onetime": {
              "version": "1.1.0",
              "bundled": true
            },
            "restore-cursor": {
              "version": "1.0.1",
              "bundled": true,
              "requires": {
                "exit-hook": "1.1.1",
                "onetime": "1.1.0"
              }
            },
            "string-width": {
              "version": "1.0.2",
              "bundled": true,
              "requires": {
                "code-point-at": "1.1.0",
                "is-fullwidth-code-point": "1.0.0",
                "strip-ansi": "3.0.1"
              }
            },
            "strip-ansi": {
              "version": "3.0.1",
              "bundled": true,
              "requires": {
                "ansi-regex": "2.1.1"
              }
            },
            "supports-color": {
              "version": "2.0.0",
              "bundled": true
            },
            "tmp": {
              "version": "0.0.29",
              "bundled": true,
              "requires": {
                "os-tmpdir": "1.0.2"
              }
            }
          }
        },
        "mock-prompt": {
          "version": "0.1.2",
          "bundled": true,
          "requires": {
            "inquirer": "5.2.0"
          }
        },
        "mock-require": {
          "version": "2.0.2",
          "bundled": true,
          "requires": {
            "caller-id": "0.1.0"
          }
        },
        "mockirer": {
          "version": "2.0.1",
          "bundled": true
        },
        "mute-stream": {
          "version": "0.0.7",
          "bundled": true
        },
        "number-is-nan": {
          "version": "1.0.1",
          "bundled": true
        },
        "object-assign": {
          "version": "4.1.1",
          "bundled": true
        },
        "onetime": {
          "version": "2.0.1",
          "bundled": true,
          "requires": {
            "mimic-fn": "1.2.0"
          }
        },
        "os-shim": {
          "version": "0.1.3",
          "bundled": true
        },
        "os-tmpdir": {
          "version": "1.0.2",
          "bundled": true
        },
        "pinkie": {
          "version": "2.0.4",
          "bundled": true
        },
        "pinkie-promise": {
          "version": "2.0.1",
          "bundled": true,
          "requires": {
            "pinkie": "2.0.4"
          }
        },
        "process-nextick-args": {
          "version": "2.0.0",
          "bundled": true
        },
        "readable-stream": {
          "version": "2.3.6",
          "bundled": true,
          "requires": {
            "core-util-is": "1.0.2",
            "inherits": "2.0.3",
            "isarray": "1.0.0",
            "process-nextick-args": "2.0.0",
            "safe-buffer": "5.1.2",
            "string_decoder": "1.1.1",
            "util-deprecate": "1.0.2"
          }
        },
        "regenerator-runtime": {
          "version": "0.11.1",
          "bundled": true
        },
        "restore-cursor": {
          "version": "2.0.0",
          "bundled": true,
          "requires": {
            "onetime": "2.0.1",
            "signal-exit": "3.0.2"
          }
        },
        "run-async": {
          "version": "2.3.0",
          "bundled": true,
          "requires": {
            "is-promise": "2.1.0"
          }
        },
        "rx": {
          "version": "4.1.0",
          "bundled": true
        },
        "rxjs": {
          "version": "5.5.10",
          "bundled": true,
          "requires": {
            "symbol-observable": "1.0.1"
          }
        },
        "safe-buffer": {
          "version": "5.1.2",
          "bundled": true
        },
        "safer-buffer": {
          "version": "2.1.2",
          "bundled": true
        },
        "signal-exit": {
          "version": "3.0.2",
          "bundled": true
        },
        "spawn-sync": {
          "version": "1.0.15",
          "bundled": true,
          "requires": {
            "concat-stream": "1.6.2",
            "os-shim": "0.1.3"
          }
        },
        "stack-trace": {
          "version": "0.0.10",
          "bundled": true
        },
        "string-width": {
          "version": "2.1.1",
          "bundled": true,
          "requires": {
            "is-fullwidth-code-point": "2.0.0",
            "strip-ansi": "4.0.0"
          }
        },
        "string_decoder": {
          "version": "1.1.1",
          "bundled": true,
          "requires": {
            "safe-buffer": "5.1.2"
          }
        },
        "strip-ansi": {
          "version": "4.0.0",
          "bundled": true,
          "requires": {
            "ansi-regex": "3.0.0"
          }
        },
        "supports-color": {
          "version": "5.4.0",
          "bundled": true,
          "requires": {
            "has-flag": "3.0.0"
          }
        },
        "symbol-observable": {
          "version": "1.0.1",
          "bundled": true
        },
        "through": {
          "version": "2.3.8",
          "bundled": true
        },
        "tmp": {
          "version": "0.0.33",
          "bundled": true,
          "requires": {
            "os-tmpdir": "1.0.2"
          }
        },
        "typedarray": {
          "version": "0.0.6",
          "bundled": true
        },
        "util-deprecate": {
          "version": "1.0.2",
          "bundled": true
        }
      }
    },
    "@sinonjs/formatio": {
      "version": "2.0.0",
      "resolved": "http://registry.npmjs.org/@sinonjs/formatio/-/formatio-2.0.0.tgz",
      "integrity": "sha512-ls6CAMA6/5gG+O/IdsBcblvnd8qcO/l1TYoNeAzp3wcISOxlPXQEus0mLcdwazEkWjaBdaJ3TaxmNgCLWwvWzg==",
      "dev": true,
      "requires": {
        "samsam": "1.3.0"
      }
    },
    "bluebird": {
      "version": "3.5.1",
      "resolved": "https://registry.npmjs.org/bluebird/-/bluebird-3.5.1.tgz",
      "integrity": "sha512-MKiLiV+I1AA596t9w1sQJ8jkiSr5+ZKi0WKrYGUn6d1Fx+Ij4tIj+m2WMQSGczs5jZVxV339chE8iwk6F64wjA==",
      "dev": true
    },
    "cross-spawn": {
      "version": "6.0.5",
      "resolved": "https://registry.npmjs.org/cross-spawn/-/cross-spawn-6.0.5.tgz",
      "integrity": "sha512-eTVLrBSt7fjbDygz805pMnstIs2VTBNkRm0qxZd+M7A5XDdxVRWO5MxGBXZhjY4cqLYLdtrGqRf8mBPmzwSpWQ==",
      "dev": true,
      "requires": {
        "nice-try": "1.0.4",
        "path-key": "2.0.1",
        "semver": "5.5.0",
        "shebang-command": "1.2.0",
        "which": "1.3.0"
      }
    },
    "diff": {
      "version": "3.5.0",
      "resolved": "https://registry.npmjs.org/diff/-/diff-3.5.0.tgz",
      "integrity": "sha512-A46qtFgd+g7pDZinpnwiRJtxbC1hpgf0uzP3iG89scHk0AUC7A1TGxf5OiiOUv/JMZR8GOt8hL900hV0bOy5xA==",
      "dev": true
    },
    "execa": {
      "version": "0.10.0",
      "resolved": "https://registry.npmjs.org/execa/-/execa-0.10.0.tgz",
      "integrity": "sha512-7XOMnz8Ynx1gGo/3hyV9loYNPWM94jG3+3T3Y8tsfSstFmETmENCMU/A/zj8Lyaj1lkgEepKepvd6240tBRvlw==",
      "dev": true,
      "requires": {
        "cross-spawn": "6.0.5",
        "get-stream": "3.0.0",
        "is-stream": "1.1.0",
        "npm-run-path": "2.0.2",
        "p-finally": "1.0.0",
        "signal-exit": "3.0.2",
        "strip-eof": "1.0.0"
      }
    },
    "fs-extra": {
      "version": "5.0.0",
      "resolved": "https://registry.npmjs.org/fs-extra/-/fs-extra-5.0.0.tgz",
      "integrity": "sha512-66Pm4RYbjzdyeuqudYqhFiNBbCIuI9kgRqLPSHIlXHidW8NIQtVdkM1yeZ4lXwuhbTETv3EUGMNHAAw6hiundQ==",
      "dev": true,
      "requires": {
        "graceful-fs": "4.1.11",
        "jsonfile": "4.0.0",
        "universalify": "0.1.1"
      }
    },
    "get-stream": {
      "version": "3.0.0",
      "resolved": "https://registry.npmjs.org/get-stream/-/get-stream-3.0.0.tgz",
      "integrity": "sha1-jpQ9E1jcN1VQVOy+LtsFqhdO3hQ=",
      "dev": true
    },
    "graceful-fs": {
      "version": "4.1.11",
      "resolved": "https://registry.npmjs.org/graceful-fs/-/graceful-fs-4.1.11.tgz",
      "integrity": "sha1-Dovf5NHduIVNZOBOp8AOKgJuVlg=",
      "dev": true
    },
    "has-flag": {
      "version": "3.0.0",
      "resolved": "https://registry.npmjs.org/has-flag/-/has-flag-3.0.0.tgz",
      "integrity": "sha1-tdRU3CGZriJWmfNGfloH87lVuv0=",
      "dev": true
    },
    "is-stream": {
      "version": "1.1.0",
      "resolved": "https://registry.npmjs.org/is-stream/-/is-stream-1.1.0.tgz",
      "integrity": "sha1-EtSj3U5o4Lec6428hBc66A2RykQ=",
      "dev": true
    },
    "isarray": {
      "version": "0.0.1",
      "resolved": "https://registry.npmjs.org/isarray/-/isarray-0.0.1.tgz",
      "integrity": "sha1-ihis/Kmo9Bd+Cav8YDiTmwXR7t8=",
      "dev": true
    },
    "isexe": {
      "version": "2.0.0",
      "resolved": "https://registry.npmjs.org/isexe/-/isexe-2.0.0.tgz",
      "integrity": "sha1-6PvzdNxVb/iUehDcsFctYz8s+hA=",
      "dev": true
    },
    "jsonfile": {
      "version": "4.0.0",
      "resolved": "https://registry.npmjs.org/jsonfile/-/jsonfile-4.0.0.tgz",
      "integrity": "sha1-h3Gq4HmbZAdrdmQPygWPnBDjPss=",
      "dev": true,
      "requires": {
        "graceful-fs": "4.1.11"
      }
    },
    "just-extend": {
      "version": "1.1.27",
      "resolved": "https://registry.npmjs.org/just-extend/-/just-extend-1.1.27.tgz",
      "integrity": "sha512-mJVp13Ix6gFo3SBAy9U/kL+oeZqzlYYYLQBwXVBlVzIsZwBqGREnOro24oC/8s8aox+rJhtZ2DiQof++IrkA+g==",
      "dev": true
    },
    "lodash.get": {
      "version": "4.4.2",
      "resolved": "https://registry.npmjs.org/lodash.get/-/lodash.get-4.4.2.tgz",
      "integrity": "sha1-LRd/ZS+jHpObRDjVNBSZ36OCXpk=",
      "dev": true
    },
    "lolex": {
      "version": "2.3.2",
      "resolved": "https://registry.npmjs.org/lolex/-/lolex-2.3.2.tgz",
      "integrity": "sha512-A5pN2tkFj7H0dGIAM6MFvHKMJcPnjZsOMvR7ujCjfgW5TbV6H9vb1PgxLtHvjqNZTHsUolz+6/WEO0N1xNx2ng==",
      "dev": true
    },
    "nice-try": {
      "version": "1.0.4",
      "resolved": "https://registry.npmjs.org/nice-try/-/nice-try-1.0.4.tgz",
      "integrity": "sha512-2NpiFHqC87y/zFke0fC0spBXL3bBsoh/p5H1EFhshxjCR5+0g2d6BiXbUFz9v1sAcxsk2htp2eQnNIci2dIYcA==",
      "dev": true
    },
    "nise": {
      "version": "1.3.3",
      "resolved": "https://registry.npmjs.org/nise/-/nise-1.3.3.tgz",
      "integrity": "sha512-v1J/FLUB9PfGqZLGDBhQqODkbLotP0WtLo9R4EJY2PPu5f5Xg4o0rA8FDlmrjFSv9vBBKcfnOSpfYYuu5RTHqg==",
      "dev": true,
      "requires": {
        "@sinonjs/formatio": "2.0.0",
        "just-extend": "1.1.27",
        "lolex": "2.3.2",
        "path-to-regexp": "1.7.0",
        "text-encoding": "0.6.4"
      }
    },
    "npm-run-path": {
      "version": "2.0.2",
      "resolved": "https://registry.npmjs.org/npm-run-path/-/npm-run-path-2.0.2.tgz",
      "integrity": "sha1-NakjLfo11wZ7TLLd8jV7GHFTbF8=",
      "dev": true,
      "requires": {
        "path-key": "2.0.1"
      }
    },
    "p-finally": {
      "version": "1.0.0",
      "resolved": "https://registry.npmjs.org/p-finally/-/p-finally-1.0.0.tgz",
      "integrity": "sha1-P7z7FbiZpEEjs0ttzBi3JDNqLK4=",
      "dev": true
    },
    "path-key": {
      "version": "2.0.1",
      "resolved": "https://registry.npmjs.org/path-key/-/path-key-2.0.1.tgz",
      "integrity": "sha1-QRyttXTFoUDTpLGRDUDYDMn0C0A=",
      "dev": true
    },
    "path-to-regexp": {
      "version": "1.7.0",
      "resolved": "https://registry.npmjs.org/path-to-regexp/-/path-to-regexp-1.7.0.tgz",
      "integrity": "sha1-Wf3g9DW62suhA6hOnTvGTpa5k30=",
      "dev": true,
      "requires": {
        "isarray": "0.0.1"
      }
    },
    "samsam": {
      "version": "1.3.0",
      "resolved": "https://registry.npmjs.org/samsam/-/samsam-1.3.0.tgz",
      "integrity": "sha512-1HwIYD/8UlOtFS3QO3w7ey+SdSDFE4HRNLZoZRYVQefrOY3l17epswImeB1ijgJFQJodIaHcwkp3r/myBjFVbg==",
      "dev": true
    },
    "semver": {
      "version": "5.5.0",
      "resolved": "https://registry.npmjs.org/semver/-/semver-5.5.0.tgz",
      "integrity": "sha512-4SJ3dm0WAwWy/NVeioZh5AntkdJoWKxHxcmyP622fOkgHa4z3R0TdBJICINyaSDE6uNwVc8gZr+ZinwZAH4xIA==",
      "dev": true
    },
    "shebang-command": {
      "version": "1.2.0",
      "resolved": "https://registry.npmjs.org/shebang-command/-/shebang-command-1.2.0.tgz",
      "integrity": "sha1-RKrGW2lbAzmJaMOfNj/uXer98eo=",
      "dev": true,
      "requires": {
        "shebang-regex": "1.0.0"
      }
    },
    "shebang-regex": {
      "version": "1.0.0",
      "resolved": "https://registry.npmjs.org/shebang-regex/-/shebang-regex-1.0.0.tgz",
      "integrity": "sha1-2kL0l0DAtC2yypcoVxyxkMmO/qM=",
      "dev": true
    },
    "signal-exit": {
      "version": "3.0.2",
      "resolved": "https://registry.npmjs.org/signal-exit/-/signal-exit-3.0.2.tgz",
      "integrity": "sha1-tf3AjxKH6hF4Yo5BXiUTK3NkbG0=",
      "dev": true
    },
    "sinon": {
      "version": "4.5.0",
      "resolved": "https://registry.npmjs.org/sinon/-/sinon-4.5.0.tgz",
      "integrity": "sha512-trdx+mB0VBBgoYucy6a9L7/jfQOmvGeaKZT4OOJ+lPAtI8623xyGr8wLiE4eojzBS8G9yXbhx42GHUOVLr4X2w==",
      "dev": true,
      "requires": {
        "@sinonjs/formatio": "2.0.0",
        "diff": "3.5.0",
        "lodash.get": "4.4.2",
        "lolex": "2.3.2",
        "nise": "1.3.3",
        "supports-color": "5.4.0",
        "type-detect": "4.0.8"
      }
    },
    "strip-eof": {
      "version": "1.0.0",
      "resolved": "https://registry.npmjs.org/strip-eof/-/strip-eof-1.0.0.tgz",
      "integrity": "sha1-u0P/VZim6wXYm1n80SnJgzE2Br8=",
      "dev": true
    },
    "supports-color": {
      "version": "5.4.0",
      "resolved": "https://registry.npmjs.org/supports-color/-/supports-color-5.4.0.tgz",
      "integrity": "sha512-zjaXglF5nnWpsq470jSv6P9DwPvgLkuapYmfDm3JWOm0vkNTVF2tI4UrN2r6jH1qM/uc/WtxYY1hYoA2dOKj5w==",
      "dev": true,
      "requires": {
        "has-flag": "3.0.0"
      }
    },
    "text-encoding": {
      "version": "0.6.4",
      "resolved": "https://registry.npmjs.org/text-encoding/-/text-encoding-0.6.4.tgz",
      "integrity": "sha1-45mpgiV6J22uQou5KEXLcb3CbRk=",
      "dev": true
    },
    "type-detect": {
      "version": "4.0.8",
      "resolved": "https://registry.npmjs.org/type-detect/-/type-detect-4.0.8.tgz",
      "integrity": "sha512-0fr/mIH1dlO+x7TlcMy+bIDqKPsw/70tVyeHW787goQjhmqaZe10uwLujubK9q9Lg6Fiho1KUKDYz0Z7k7g5/g==",
      "dev": true
    },
    "universalify": {
      "version": "0.1.1",
      "resolved": "https://registry.npmjs.org/universalify/-/universalify-0.1.1.tgz",
      "integrity": "sha1-+nG63UQ3r0wUiEHjs7Fl+enlkLc=",
      "dev": true
    },
    "which": {
      "version": "1.3.0",
      "resolved": "https://registry.npmjs.org/which/-/which-1.3.0.tgz",
      "integrity": "sha512-xcJpopdamTuY5duC/KnTTNBraPK54YwpenP4lzxU8H91GudWpFv38u0CKjclE1Wi2EH2EDz5LRcHcKbCIzqGyg==",
      "dev": true,
      "requires": {
        "isexe": "2.0.0"
      }
    }
  }
}
