{
  "name": "abide",
  "version": "1.0.0",
  "lockfileVersion": 1,
  "requires": true,
  "dependencies": {
    "@reggi/command": {
      "version": "file:packages/command"
    },
    "@reggi/dep-merge-cli": {
      "version": "file:packages/dep-merge-cli",
      "requires": {
        "@reggi/command": "file:packages/command",
        "@reggi/dep-merge": "file:packages/dep-merge",
        "@reggi/help": "file:packages/help",
        "babel-runtime": "6.26.0",
        "debug": "3.1.0"
      },
      "dependencies": {
        "@reggi/dep-merge": {
          "version": "file:packages/dep-merge",
          "bundled": true,
          "requires": {
            "@reggi/journey": "file:packages/journey",
            "@reggi/pkg.file-exists": "file:packages/pkg.file-exists",
            "@reggi/pkg.json-parse": "file:packages/pkg.json-parse",
            "babel-runtime": "6.26.0",
            "has-flag": "3.0.0"
          },
          "dependencies": {
            "@reggi/journey": {
              "version": "file:packages/journey",
              "bundled": true,
              "requires": {
                "@reggi/journey.coerce-to-array": "file:packages/journey.coerce-to-array",
                "@reggi/journey.fn-free": "file:packages/journey.fn-free",
                "@reggi/journey.fn-reduce": "file:packages/journey.fn-reduce",
                "lodash": "4.17.5"
              },
              "dependencies": {
                "@reggi/journey.coerce-to-array": {
                  "version": "file:packages/journey.coerce-to-array",
                  "bundled": true,
                  "requires": {
                    "lodash": "4.17.5"
                  },
                  "dependencies": {
                    "lodash": {
                      "version": "4.17.5",
                      "bundled": true
                    }
                  }
                },
                "@reggi/journey.fn-free": {
                  "version": "file:packages/journey.fn-free",
                  "bundled": true,
                  "requires": {
                    "@reggi/journey.is-promise": "file:packages/journey.is-promise",
                    "babel-runtime": "6.26.0"
                  },
                  "dependencies": {
                    "@reggi/journey.is-promise": {
                      "version": "file:packages/journey.is-promise",
                      "bundled": true
                    },
                    "babel-runtime": {
                      "version": "6.26.0",
                      "bundled": true,
                      "requires": {
                        "core-js": "2.5.5",
                        "regenerator-runtime": "0.11.1"
                      }
                    },
                    "core-js": {
                      "version": "2.5.5",
                      "bundled": true
                    },
                    "regenerator-runtime": {
                      "version": "0.11.1",
                      "bundled": true
                    }
                  }
                },
                "@reggi/journey.fn-reduce": {
                  "version": "file:packages/journey.fn-reduce",
                  "bundled": true,
                  "requires": {
                    "@reggi/journey.coerce-to-plain-object": "file:packages/journey.coerce-to-plain-object",
                    "@reggi/journey.is-promise": "file:packages/journey.is-promise",
                    "@reggi/journey.pass-thru": "file:packages/journey.pass-thru"
                  },
                  "dependencies": {
                    "@reggi/journey.coerce-to-plain-object": {
                      "version": "file:packages/journey.coerce-to-plain-object",
                      "bundled": true,
                      "requires": {
                        "lodash": "4.17.5"
                      },
                      "dependencies": {
                        "lodash": {
                          "version": "4.17.5",
                          "bundled": true
                        }
                      }
                    },
                    "@reggi/journey.is-promise": {
                      "version": "file:packages/journey.is-promise",
                      "bundled": true
                    },
                    "@reggi/journey.pass-thru": {
                      "version": "file:packages/journey.pass-thru",
                      "bundled": true,
                      "requires": {
                        "@reggi/journey.is-promise": "file:packages/journey.is-promise",
                        "sort-package-json": "1.12.0"
                      },
                      "dependencies": {
                        "@reggi/journey.is-promise": {
                          "version": "file:packages/journey.is-promise",
                          "bundled": true
                        },
                        "sort-object-keys": {
                          "version": "1.1.2",
                          "bundled": true
                        },
                        "sort-package-json": {
                          "version": "1.12.0",
                          "bundled": true,
                          "requires": {
                            "sort-object-keys": "1.1.2"
                          }
                        }
                      }
                    }
                  }
                },
                "lodash": {
                  "version": "4.17.5",
                  "bundled": true
                }
              }
            },
            "@reggi/pkg.file-exists": {
              "version": "file:packages/pkg.file-exists",
              "bundled": true,
              "requires": {
                "@reggi/pkg.fs": "file:packages/pkg.fs",
                "babel-runtime": "6.26.0",
                "mock-fs": "4.4.2"
              },
              "dependencies": {
                "@reggi/pkg.fs": {
                  "version": "file:packages/pkg.fs",
                  "bundled": true,
                  "requires": {
                    "bluebird": "3.5.1"
                  },
                  "dependencies": {
                    "bluebird": {
                      "version": "3.5.1",
                      "bundled": true
                    }
                  }
                },
                "babel-runtime": {
                  "version": "6.26.0",
                  "bundled": true,
                  "requires": {
                    "core-js": "2.5.5",
                    "regenerator-runtime": "0.11.1"
                  }
                },
                "core-js": {
                  "version": "2.5.5",
                  "bundled": true
                },
                "mock-fs": {
                  "version": "4.4.2",
                  "bundled": true
                },
                "regenerator-runtime": {
                  "version": "0.11.1",
                  "bundled": true
                }
              }
            },
            "@reggi/pkg.json-parse": {
              "version": "file:packages/pkg.json-parse",
              "bundled": true
            },
            "babel-runtime": {
              "version": "6.26.0",
              "bundled": true,
              "requires": {
                "core-js": "2.5.5",
                "regenerator-runtime": "0.11.1"
              }
            },
            "core-js": {
              "version": "2.5.5",
              "bundled": true
            },
            "has-flag": {
              "version": "3.0.0",
              "bundled": true
            },
            "regenerator-runtime": {
              "version": "0.11.1",
              "bundled": true
            }
          }
        }
      }
    },
    "@reggi/help": {
      "version": "file:packages/help",
      "requires": {
        "@reggi/help.parse-argv": "file:packages/help.parse-argv",
        "@reggi/journey": "1.0.0",
        "babel-runtime": "6.26.0",
        "lodash": "4.17.5"
      }
    },
    "@reggi/help.filter-until": {
      "version": "0.0.1",
      "resolved": "https://registry.npmjs.org/@reggi/help.filter-until/-/help.filter-until-0.0.1.tgz",
      "integrity": "sha512-NhzLf0CiYKAlB2oIf3LaujbonieRz62OJgeB0FFSeGeew7Bx5ANbLH2onpLyC0uudNPqIKKgiUHHxGF79iDtjQ=="
    },
    "@reggi/help.parse-argv": {
      "version": "file:packages/help.parse-argv",
      "requires": {
        "@reggi/help.filter-until": "0.0.1",
        "@reggi/help.set-entire": "0.0.1",
        "@reggi/journey": "1.0.0"
      }
    },
    "@reggi/help.set-entire": {
      "version": "0.0.1",
      "resolved": "https://registry.npmjs.org/@reggi/help.set-entire/-/help.set-entire-0.0.1.tgz",
      "integrity": "sha512-WKbmx1YdsffYrp2NQR9fIK7/HZJ/jj075C7SmKpU6z2r+7+YyFnCZW8jqQkftMa8z4UByXpvLPqUvSGidLyvxg=="
    },
    "@reggi/journey": {
      "version": "1.0.0",
      "resolved": "https://registry.npmjs.org/@reggi/journey/-/journey-1.0.0.tgz",
      "integrity": "sha1-VeznMXMYxRPtGyNpPkmlDH15kHc=",
      "requires": {
        "lodash": "4.17.5"
      }
    },
    "babel-runtime": {
      "version": "6.26.0",
      "resolved": "https://registry.npmjs.org/babel-runtime/-/babel-runtime-6.26.0.tgz",
      "integrity": "sha1-llxwWGaOgrVde/4E/yM3vItWR/4=",
      "requires": {
        "core-js": "2.5.5",
        "regenerator-runtime": "0.11.1"
      }
    },
    "core-js": {
      "version": "2.5.5",
      "resolved": "https://registry.npmjs.org/core-js/-/core-js-2.5.5.tgz",
      "integrity": "sha1-sU3ek2xkDAV5prUMq8wTLdYSfjs="
    },
    "debug": {
      "version": "3.1.0",
      "resolved": "https://registry.npmjs.org/debug/-/debug-3.1.0.tgz",
      "integrity": "sha512-OX8XqP7/1a9cqkxYw2yXss15f26NKWBpDXQd0/uK/KPqdQhxbPa994hnzjcE2VqQpDslf55723cKPUOGSmMY3g==",
      "requires": {
        "ms": "2.0.0"
      }
    },
    "lodash": {
      "version": "4.17.5",
      "resolved": "https://registry.npmjs.org/lodash/-/lodash-4.17.5.tgz",
      "integrity": "sha512-svL3uiZf1RwhH+cWrfZn3A4+U58wbP0tGVTLQPbjplZxZ8ROD9VLuNgsRniTlLe7OlSqR79RUehXgpBW/s0IQw=="
    },
    "ms": {
      "version": "2.0.0",
      "resolved": "https://registry.npmjs.org/ms/-/ms-2.0.0.tgz",
      "integrity": "sha1-VgiurfwAvmwpAd9fmGF4jeDVl8g="
    },
    "regenerator-runtime": {
      "version": "0.11.1",
      "resolved": "https://registry.npmjs.org/regenerator-runtime/-/regenerator-runtime-0.11.1.tgz",
      "integrity": "sha512-MguG95oij0fC3QV3URf4V2SDYGJhJnJGqvIIgdECeODCT98wSWDAJ94SSuVpYQUoTcGUIL6L4yNB7j1DFFHSBg=="
    }
  }
}
