{
  "name": "@reggi/pkg-cli",
  "version": "1.0.0",
  "lockfileVersion": 1,
  "requires": true,
  "dependencies": {
    "@reggi/pkg": {
      "version": "file:../pkg",
      "requires": {
        "@reggi/journey": "file:../journey",
        "@reggi/journey.coerce-to-array": "file:../journey.coerce-to-array",
        "@reggi/pkg.is-local-module": "file:../pkg.is-local-module",
        "@reggi/pkg.read-json": "file:../pkg.read-json",
        "babel-runtime": "6.26.0",
        "bluebird": "3.5.1",
        "lodash": "4.17.5"
      },
      "dependencies": {
        "@reggi/journey": {
          "version": "file:../journey",
          "bundled": true,
          "requires": {
            "@reggi/journey.coerce-to-array": "file:../journey.coerce-to-array",
            "@reggi/journey.fn-free": "file:../journey.fn-free",
            "@reggi/journey.fn-reduce": "file:../journey.fn-reduce",
            "lodash": "4.17.5"
          },
          "dependencies": {
            "@reggi/journey.coerce-to-array": {
              "version": "file:../journey.coerce-to-array",
              "bundled": true
            },
            "@reggi/journey.fn-free": {
              "version": "file:../journey.fn-free",
              "bundled": true,
              "requires": {
                "@reggi/journey.is-promise": "file:../journey.is-promise",
                "babel-runtime": "6.26.0"
              },
              "dependencies": {
                "@reggi/journey.is-promise": {
                  "version": "file:../journey.is-promise",
                  "bundled": true
                },
                "babel-runtime": {
                  "version": "6.26.0",
                  "bundled": true,
                  "requires": {
                    "core-js": "2.5.3",
                    "regenerator-runtime": "0.11.1"
                  }
                },
                "core-js": {
                  "version": "2.5.3",
                  "bundled": true
                },
                "regenerator-runtime": {
                  "version": "0.11.1",
                  "bundled": true
                }
              }
            },
            "@reggi/journey.fn-reduce": {
              "version": "file:../journey.fn-reduce",
              "bundled": true,
              "requires": {
                "@reggi/journey.coerce-to-plain-object": "file:../journey.coerce-to-plain-object",
                "@reggi/journey.is-promise": "file:../journey.is-promise",
                "@reggi/journey.pass-thru": "file:../journey.pass-thru"
              },
              "dependencies": {
                "@reggi/journey.coerce-to-plain-object": {
                  "version": "file:../journey.coerce-to-plain-object",
                  "bundled": true
                },
                "@reggi/journey.is-promise": {
                  "version": "file:../journey.is-promise",
                  "bundled": true
                },
                "@reggi/journey.pass-thru": {
                  "version": "file:../journey.pass-thru",
                  "bundled": true,
                  "requires": {
                    "@reggi/journey.is-promise": "file:../journey.is-promise",
                    "sort-package-json": "1.11.0"
                  },
                  "dependencies": {
                    "@reggi/journey.is-promise": {
                      "version": "file:../journey.is-promise",
                      "bundled": true
                    },
                    "sort-object-keys": {
                      "version": "1.1.2",
                      "bundled": true
                    },
                    "sort-package-json": {
                      "version": "1.11.0",
                      "bundled": true,
                      "requires": {
                        "sort-object-keys": "1.1.2"
                      }
                    }
                  }
                }
              }
            },
            "lodash": {
              "version": "4.17.5",
              "bundled": true
            }
          }
        },
        "@reggi/journey.coerce-to-array": {
          "version": "file:../journey.coerce-to-array",
          "bundled": true
        },
        "@reggi/pkg.is-local-module": {
          "version": "file:../pkg.is-local-module",
          "bundled": true
        },
        "@reggi/pkg.read-json": {
          "version": "file:../pkg.read-json",
          "bundled": true,
          "requires": {
            "@reggi/journey": "file:../journey",
            "@reggi/pkg.fs": "file:../pkg.fs",
            "@reggi/pkg.fs-file-exists": "file:../pkg.fs-file-exists",
            "@reggi/pkg.json-parse": "file:../pkg.json-parse",
            "@reggi/pkg.throw-error": "file:../pkg.throw-error",
            "babel-runtime": "6.26.0"
          },
          "dependencies": {
            "@reggi/journey": {
              "version": "file:../journey",
              "bundled": true,
              "requires": {
                "@reggi/journey.coerce-to-array": "file:../journey.coerce-to-array",
                "@reggi/journey.fn-free": "file:../journey.fn-free",
                "@reggi/journey.fn-reduce": "file:../journey.fn-reduce",
                "lodash": "4.17.5"
              },
              "dependencies": {
                "@reggi/journey.coerce-to-array": {
                  "version": "file:../journey.coerce-to-array",
                  "bundled": true
                },
                "@reggi/journey.fn-free": {
                  "version": "file:../journey.fn-free",
                  "bundled": true,
                  "requires": {
                    "@reggi/journey.is-promise": "file:../journey.is-promise",
                    "babel-runtime": "6.26.0"
                  },
                  "dependencies": {}
                },
                "@reggi/journey.fn-reduce": {
                  "version": "file:../journey.fn-reduce",
                  "bundled": true,
                  "requires": {
                    "@reggi/journey.coerce-to-plain-object": "file:../journey.coerce-to-plain-object",
                    "@reggi/journey.is-promise": "file:../journey.is-promise",
                    "@reggi/journey.pass-thru": "file:../journey.pass-thru"
                  },
                  "dependencies": {}
                },
                "lodash": {
                  "version": "4.17.5",
                  "bundled": true
                }
              }
            },
            "@reggi/pkg.fs": {
              "version": "file:../pkg.fs",
              "bundled": true,
              "requires": {
                "bluebird": "3.5.1"
              },
              "dependencies": {
                "bluebird": {
                  "version": "3.5.1",
                  "bundled": true
                }
              }
            },
            "@reggi/pkg.fs-file-exists": {
              "version": "file:../pkg.fs-file-exists",
              "bundled": true,
              "requires": {
                "@reggi/pkg.fs": "file:../pkg.fs",
                "babel-runtime": "6.26.0"
              },
              "dependencies": {
                "@reggi/pkg.fs": {
                  "version": "file:../pkg.fs",
                  "bundled": true,
                  "requires": {
                    "bluebird": "3.5.1"
                  },
                  "dependencies": {
                    "bluebird": {
                      "version": "3.5.1",
                      "bundled": true
                    }
                  }
                },
                "babel-runtime": {
                  "version": "6.26.0",
                  "bundled": true,
                  "requires": {
                    "core-js": "2.5.3",
                    "regenerator-runtime": "0.11.1"
                  }
                },
                "core-js": {
                  "version": "2.5.3",
                  "bundled": true
                },
                "regenerator-runtime": {
                  "version": "0.11.1",
                  "bundled": true
                }
              }
            },
            "@reggi/pkg.json-parse": {
              "version": "file:../pkg.json-parse",
              "bundled": true
            },
            "@reggi/pkg.throw-error": {
              "version": "file:../pkg.throw-error",
              "bundled": true
            },
            "babel-runtime": {
              "version": "6.26.0",
              "bundled": true,
              "requires": {
                "core-js": "2.5.3",
                "regenerator-runtime": "0.11.1"
              }
            },
            "core-js": {
              "version": "2.5.3",
              "bundled": true
            },
            "regenerator-runtime": {
              "version": "0.11.1",
              "bundled": true
            }
          }
        },
        "babel-runtime": {
          "version": "6.26.0",
          "bundled": true,
          "requires": {
            "core-js": "2.5.3",
            "regenerator-runtime": "0.11.1"
          }
        },
        "bluebird": {
          "version": "3.5.1",
          "bundled": true
        },
        "core-js": {
          "version": "2.5.3",
          "bundled": true
        },
        "lodash": {
          "version": "4.17.5",
          "bundled": true
        },
        "regenerator-runtime": {
          "version": "0.11.1",
          "bundled": true
        }
      }
    },
    "@reggi/pkg.fs": {
      "version": "file:../pkg.fs",
      "requires": {
        "bluebird": "3.5.1"
      },
      "dependencies": {
        "bluebird": {
          "version": "3.5.1",
          "bundled": true
        }
      }
    }
  }
}
