{
  "requires": true,
  "lockfileVersion": 1,
  "dependencies": {
    "@reggi/help.filter-until": {
      "version": "file:../help.filter-until"
    },
    "@reggi/help.set-entire": {
      "version": "file:../help.set-entire"
    },
    "@reggi/help.string-argv": {
      "version": "file:../help.string-argv",
      "requires": {
        "execa": "0.10.0"
      },
      "dependencies": {
        "cross-spawn": {
          "version": "6.0.5",
          "bundled": true,
          "requires": {
            "nice-try": "1.0.4",
            "path-key": "2.0.1",
            "semver": "5.5.0",
            "shebang-command": "1.2.0",
            "which": "1.3.0"
          }
        },
        "execa": {
          "version": "0.10.0",
          "bundled": true,
          "dev": true,
          "requires": {
            "cross-spawn": "6.0.5",
            "get-stream": "3.0.0",
            "is-stream": "1.1.0",
            "npm-run-path": "2.0.2",
            "p-finally": "1.0.0",
            "signal-exit": "3.0.2",
            "strip-eof": "1.0.0"
          }
        },
        "get-stream": {
          "version": "3.0.0",
          "bundled": true
        },
        "is-stream": {
          "version": "1.1.0",
          "bundled": true
        },
        "isexe": {
          "version": "2.0.0",
          "bundled": true
        },
        "nice-try": {
          "version": "1.0.4",
          "bundled": true
        },
        "npm-run-path": {
          "version": "2.0.2",
          "bundled": true,
          "requires": {
            "path-key": "2.0.1"
          }
        },
        "p-finally": {
          "version": "1.0.0",
          "bundled": true
        },
        "path-key": {
          "version": "2.0.1",
          "bundled": true
        },
        "semver": {
          "version": "5.5.0",
          "bundled": true
        },
        "shebang-command": {
          "version": "1.2.0",
          "bundled": true,
          "requires": {
            "shebang-regex": "1.0.0"
          }
        },
        "shebang-regex": {
          "version": "1.0.0",
          "bundled": true
        },
        "signal-exit": {
          "version": "3.0.2",
          "bundled": true
        },
        "strip-eof": {
          "version": "1.0.0",
          "bundled": true
        },
        "which": {
          "version": "1.3.0",
          "bundled": true,
          "requires": {
            "isexe": "2.0.0"
          }
        }
      }
    },
    "@reggi/journey": {
      "version": "file:../journey",
      "requires": {
        "@reggi/journey.coerce-to-array": "file:../journey.coerce-to-array",
        "@reggi/journey.fn-free": "file:../journey.fn-free",
        "@reggi/journey.fn-reduce": "file:../journey.fn-reduce"
      },
      "dependencies": {
        "@reggi/journey.coerce-to-array": {
          "version": "file:../journey.coerce-to-array",
          "bundled": true
        },
        "@reggi/journey.fn-free": {
          "version": "file:../journey.fn-free",
          "bundled": true,
          "requires": {
            "@reggi/journey.is-promise": "file:../journey.is-promise",
            "babel-runtime": "6.26.0"
          },
          "dependencies": {
            "@reggi/journey.is-promise": {
              "version": "file:../journey.is-promise",
              "bundled": true
            },
            "babel-runtime": {
              "version": "6.26.0",
              "bundled": true,
              "requires": {
                "core-js": "2.5.5",
                "regenerator-runtime": "0.11.1"
              }
            },
            "core-js": {
              "version": "2.5.5",
              "bundled": true
            },
            "regenerator-runtime": {
              "version": "0.11.1",
              "bundled": true
            }
          }
        },
        "@reggi/journey.fn-reduce": {
          "version": "file:../journey.fn-reduce",
          "bundled": true,
          "requires": {
            "@reggi/journey.coerce-to-plain-object": "file:../journey.coerce-to-plain-object",
            "@reggi/journey.is-promise": "file:../journey.is-promise",
            "@reggi/journey.pass-thru": "file:../journey.pass-thru"
          },
          "dependencies": {
            "@reggi/journey.coerce-to-plain-object": {
              "version": "file:../journey.coerce-to-plain-object",
              "bundled": true
            },
            "@reggi/journey.is-promise": {
              "version": "file:../journey.is-promise",
              "bundled": true
            },
            "@reggi/journey.pass-thru": {
              "version": "file:../journey.pass-thru",
              "bundled": true,
              "requires": {
                "@reggi/journey.is-promise": "file:../journey.is-promise",
                "sort-package-json": "1.12.0"
              },
              "dependencies": {
                "@reggi/journey.is-promise": {
                  "version": "file:../journey.is-promise",
                  "bundled": true
                },
                "sort-object-keys": {
                  "version": "1.1.2",
                  "bundled": true
                },
                "sort-package-json": {
                  "version": "1.12.0",
                  "bundled": true,
                  "requires": {
                    "sort-object-keys": "1.1.2"
                  }
                }
              }
            }
          }
        },
        "lodash": {
          "version": "4.17.5",
          "bundled": true
        }
      }
    }
  }
}
