{
	"requires": true,
	"lockfileVersion": 1,
	"dependencies": {
		"@reggi/journey.coerce-to-plain-object": {
			"version": "file:../journey.coerce-to-plain-object"
		},
		"@reggi/journey.is-promise": {
			"version": "file:../journey.is-promise"
		},
		"@reggi/journey.pass-thru": {
			"version": "file:../journey.pass-thru",
			"requires": {
				"@reggi/journey.is-promise": "file:../journey.is-promise",
				"sort-package-json": "1.11.0"
			},
			"dependencies": {
				"@reggi/journey.is-promise": {
					"version": "file:../journey.is-promise",
					"bundled": true
				},
				"sort-object-keys": {
					"version": "1.1.2",
					"bundled": true
				},
				"sort-package-json": {
					"version": "1.11.0",
					"bundled": true,
					"requires": {
						"sort-object-keys": "1.1.2"
					}
				}
			}
		}
	}
}
