{
  "name": "@reggi/help",
  "version": "1.0.0",
  "lockfileVersion": 1,
  "requires": true,
  "dependencies": {
    "@reggi/help.parse-argv": {
      "version": "file:../help.parse-argv",
      "requires": {
        "@reggi/help.filter-until": "file:../help.filter-until",
        "@reggi/help.set-entire": "file:../help.set-entire",
        "@reggi/journey": "file:../journey"
      },
      "dependencies": {
        "@reggi/help.filter-until": {
          "version": "file:../help.filter-until",
          "bundled": true
        },
        "@reggi/help.set-entire": {
          "version": "file:../help.set-entire",
          "bundled": true
        },
        "@reggi/journey": {
          "version": "file:../journey",
          "bundled": true,
          "requires": {
            "@reggi/journey.coerce-to-array": "file:../journey.coerce-to-array",
            "@reggi/journey.fn-free": "file:../journey.fn-free",
            "@reggi/journey.fn-reduce": "file:../journey.fn-reduce",
            "lodash": "4.17.5"
          },
          "dependencies": {
            "@reggi/journey.coerce-to-array": {
              "version": "file:../journey.coerce-to-array",
              "bundled": true
            },
            "@reggi/journey.fn-free": {
              "version": "file:../journey.fn-free",
              "bundled": true,
              "requires": {
                "@reggi/journey.is-promise": "file:../journey.is-promise",
                "babel-runtime": "6.26.0"
              },
              "dependencies": {
                "@reggi/journey.is-promise": {
                  "version": "file:../journey.is-promise",
                  "bundled": true
                },
                "babel-runtime": {
                  "version": "6.26.0",
                  "bundled": true,
                  "requires": {
                    "core-js": "2.5.5",
                    "regenerator-runtime": "0.11.1"
                  }
                },
                "core-js": {
                  "version": "2.5.5",
                  "bundled": true
                },
                "regenerator-runtime": {
                  "version": "0.11.1",
                  "bundled": true
                }
              }
            },
            "@reggi/journey.fn-reduce": {
              "version": "file:../journey.fn-reduce",
              "bundled": true,
              "requires": {
                "@reggi/journey.coerce-to-plain-object": "file:../journey.coerce-to-plain-object",
                "@reggi/journey.is-promise": "file:../journey.is-promise",
                "@reggi/journey.pass-thru": "file:../journey.pass-thru"
              },
              "dependencies": {
                "@reggi/journey.coerce-to-plain-object": {
                  "version": "file:../journey.coerce-to-plain-object",
                  "bundled": true
                },
                "@reggi/journey.is-promise": {
                  "version": "file:../journey.is-promise",
                  "bundled": true
                },
                "@reggi/journey.pass-thru": {
                  "version": "file:../journey.pass-thru",
                  "bundled": true,
                  "requires": {
                    "@reggi/journey.is-promise": "file:../journey.is-promise",
                    "sort-package-json": "1.12.0"
                  },
                  "dependencies": {
                    "@reggi/journey.is-promise": {
                      "version": "file:../journey.is-promise",
                      "bundled": true
                    },
                    "sort-object-keys": {
                      "version": "1.1.2",
                      "bundled": true
                    },
                    "sort-package-json": {
                      "version": "1.12.0",
                      "bundled": true,
                      "requires": {
                        "sort-object-keys": "1.1.2"
                      }
                    }
                  }
                }
              }
            },
            "lodash": {
              "version": "4.17.5",
              "bundled": true
            }
          }
        }
      }
    },
    "@reggi/journey": {
      "version": "file:../journey",
      "requires": {
        "@reggi/journey.coerce-to-array": "file:../journey.coerce-to-array",
        "@reggi/journey.fn-free": "file:../journey.fn-free",
        "@reggi/journey.fn-reduce": "file:../journey.fn-reduce",
        "lodash": "4.17.5"
      },
      "dependencies": {
        "@reggi/journey.coerce-to-array": {
          "version": "file:../journey.coerce-to-array",
          "bundled": true
        },
        "@reggi/journey.fn-free": {
          "version": "file:../journey.fn-free",
          "bundled": true,
          "requires": {
            "@reggi/journey.is-promise": "file:../journey.is-promise",
            "babel-runtime": "6.26.0"
          },
          "dependencies": {
            "@reggi/journey.is-promise": {
              "version": "file:../journey.is-promise",
              "bundled": true
            },
            "babel-runtime": {
              "version": "6.26.0",
              "bundled": true,
              "requires": {
                "core-js": "2.5.5",
                "regenerator-runtime": "0.11.1"
              }
            },
            "core-js": {
              "version": "2.5.5",
              "bundled": true
            },
            "regenerator-runtime": {
              "version": "0.11.1",
              "bundled": true
            }
          }
        },
        "@reggi/journey.fn-reduce": {
          "version": "file:../journey.fn-reduce",
          "bundled": true,
          "requires": {
            "@reggi/journey.coerce-to-plain-object": "file:../journey.coerce-to-plain-object",
            "@reggi/journey.is-promise": "file:../journey.is-promise",
            "@reggi/journey.pass-thru": "file:../journey.pass-thru"
          },
          "dependencies": {
            "@reggi/journey.coerce-to-plain-object": {
              "version": "file:../journey.coerce-to-plain-object",
              "bundled": true
            },
            "@reggi/journey.is-promise": {
              "version": "file:../journey.is-promise",
              "bundled": true
            },
            "@reggi/journey.pass-thru": {
              "version": "file:../journey.pass-thru",
              "bundled": true,
              "requires": {
                "@reggi/journey.is-promise": "file:../journey.is-promise",
                "sort-package-json": "1.12.0"
              },
              "dependencies": {
                "@reggi/journey.is-promise": {
                  "version": "file:../journey.is-promise",
                  "bundled": true
                },
                "sort-object-keys": {
                  "version": "1.1.2",
                  "bundled": true
                },
                "sort-package-json": {
                  "version": "1.12.0",
                  "bundled": true,
                  "requires": {
                    "sort-object-keys": "1.1.2"
                  }
                }
              }
            }
          }
        },
        "lodash": {
          "version": "4.17.5",
          "bundled": true
        }
      }
    },
    "lodash": {
      "version": "4.17.5",
      "resolved": "https://registry.npmjs.org/lodash/-/lodash-4.17.5.tgz",
      "integrity": "sha512-svL3uiZf1RwhH+cWrfZn3A4+U58wbP0tGVTLQPbjplZxZ8ROD9VLuNgsRniTlLe7OlSqR79RUehXgpBW/s0IQw=="
    }
  }
}
