{
  "name": "@reggi/pkg-plugin-standard",
  "version": "1.0.0",
  "lockfileVersion": 1,
  "requires": true,
  "dependencies": {
    "@reggi/journey.coerce-to-array": {
      "version": "file:../journey.coerce-to-array"
    },
    "@reggi/pkg.prop-overwrite": {
      "version": "file:../pkg.prop-overwrite"
    }
  }
}
