{
	"name": "@reggi/pkg",
	"version": "1.0.0",
	"lockfileVersion": 1,
	"requires": true,
	"dependencies": {
		"@reggi/journey.coerce-to-array": {
			"version": "file:../journey.coerce-to-array"
		},
		"@reggi/pkg.is-local-module": {
			"version": "file:../pkg.is-local-module"
		},
		"@reggi/pkg.pretty-json": {
			"version": "file:../pkg.pretty-json"
		},
		"@reggi/pkg.read-json": {
			"version": "file:../pkg.read-json",
			"requires": {
				"@reggi/journey": "file:../journey",
				"@reggi/pkg.file-exists": "file:../pkg.file-exists",
				"@reggi/pkg.fs": "file:../pkg.fs",
				"@reggi/pkg.json-parse": "file:../pkg.json-parse",
				"@reggi/pkg.throw-error": "file:../pkg.throw-error",
				"babel-runtime": "6.26.0"
			},
			"dependencies": {
				"@reggi/journey": {
					"version": "file:../journey",
					"bundled": true,
					"requires": {
						"@reggi/journey.coerce-to-array": "file:../journey.coerce-to-array",
						"@reggi/journey.fn-free": "file:../journey.fn-free",
						"@reggi/journey.fn-reduce": "file:../journey.fn-reduce",
						"lodash": "4.17.5"
					},
					"dependencies": {
						"@reggi/journey.coerce-to-array": {
							"version": "file:../journey.coerce-to-array",
							"bundled": true
						},
						"@reggi/journey.fn-free": {
							"version": "file:../journey.fn-free",
							"bundled": true,
							"requires": {
								"@reggi/journey.is-promise": "file:../journey.is-promise",
								"babel-runtime": "6.26.0"
							},
							"dependencies": {
								"@reggi/journey.is-promise": {
									"version": "file:../journey.is-promise",
									"bundled": true
								},
								"babel-runtime": {
									"version": "6.26.0",
									"bundled": true,
									"requires": {
										"core-js": "2.5.5",
										"regenerator-runtime": "0.11.1"
									}
								},
								"core-js": {
									"version": "2.5.5",
									"bundled": true
								},
								"regenerator-runtime": {
									"version": "0.11.1",
									"bundled": true
								}
							}
						},
						"@reggi/journey.fn-reduce": {
							"version": "file:../journey.fn-reduce",
							"bundled": true,
							"requires": {
								"@reggi/journey.coerce-to-plain-object": "file:../journey.coerce-to-plain-object",
								"@reggi/journey.is-promise": "file:../journey.is-promise",
								"@reggi/journey.pass-thru": "file:../journey.pass-thru"
							},
							"dependencies": {
								"@reggi/journey.coerce-to-plain-object": {
									"version": "file:../journey.coerce-to-plain-object",
									"bundled": true
								},
								"@reggi/journey.is-promise": {
									"version": "file:../journey.is-promise",
									"bundled": true
								},
								"@reggi/journey.pass-thru": {
									"version": "file:../journey.pass-thru",
									"bundled": true,
									"requires": {
										"@reggi/journey.is-promise": "file:../journey.is-promise",
										"sort-package-json": "1.12.0"
									},
									"dependencies": {
										"@reggi/journey.is-promise": {
											"version": "file:../journey.is-promise",
											"bundled": true
										},
										"sort-object-keys": {
											"version": "1.1.2",
											"bundled": true
										},
										"sort-package-json": {
											"version": "1.12.0",
											"bundled": true,
											"requires": {
												"sort-object-keys": "1.1.2"
											}
										}
									}
								}
							}
						},
						"lodash": {
							"version": "4.17.5",
							"bundled": true
						}
					}
				},
				"@reggi/pkg.file-exists": {
					"version": "file:../pkg.file-exists",
					"bundled": true,
					"requires": {
						"@reggi/pkg.fs": "file:../pkg.fs",
						"babel-runtime": "6.26.0",
						"mock-fs": "4.4.2"
					},
					"dependencies": {
						"@reggi/pkg.fs": {
							"version": "file:../pkg.fs",
							"bundled": true,
							"requires": {
								"bluebird": "3.5.1"
							},
							"dependencies": {
								"bluebird": {
									"version": "3.5.1",
									"bundled": true
								}
							}
						},
						"babel-runtime": {
							"version": "6.26.0",
							"bundled": true,
							"requires": {
								"core-js": "2.5.5",
								"regenerator-runtime": "0.11.1"
							}
						},
						"core-js": {
							"version": "2.5.5",
							"bundled": true
						},
						"mock-fs": {
							"version": "4.4.2",
							"bundled": true
						},
						"regenerator-runtime": {
							"version": "0.11.1",
							"bundled": true
						}
					}
				},
				"@reggi/pkg.fs": {
					"version": "file:../pkg.fs",
					"bundled": true,
					"requires": {
						"bluebird": "3.5.1"
					},
					"dependencies": {
						"bluebird": {
							"version": "3.5.1",
							"bundled": true
						}
					}
				},
				"@reggi/pkg.json-parse": {
					"version": "file:../pkg.json-parse",
					"bundled": true
				},
				"@reggi/pkg.throw-error": {
					"version": "file:../pkg.throw-error",
					"bundled": true
				},
				"babel-runtime": {
					"version": "6.26.0",
					"bundled": true,
					"requires": {
						"core-js": "2.5.5",
						"regenerator-runtime": "0.11.1"
					}
				},
				"core-js": {
					"version": "2.5.5",
					"bundled": true
				},
				"regenerator-runtime": {
					"version": "0.11.1",
					"bundled": true
				}
			}
		},
		"any-promise": {
			"version": "1.3.0",
			"resolved": "https://registry.npmjs.org/any-promise/-/any-promise-1.3.0.tgz",
			"integrity": "sha1-q8av7tzqUugJzcA3au0845Y10X8=",
			"dev": true
		},
		"debug": {
			"version": "3.1.0",
			"resolved": "https://registry.npmjs.org/debug/-/debug-3.1.0.tgz",
			"integrity": "sha512-OX8XqP7/1a9cqkxYw2yXss15f26NKWBpDXQd0/uK/KPqdQhxbPa994hnzjcE2VqQpDslf55723cKPUOGSmMY3g==",
			"requires": {
				"ms": "2.0.0"
			}
		},
		"fill-keys": {
			"version": "1.0.2",
			"resolved": "https://registry.npmjs.org/fill-keys/-/fill-keys-1.0.2.tgz",
			"integrity": "sha1-mo+jb06K1jTjv2tPPIiCVRRS6yA=",
			"dev": true,
			"requires": {
				"is-object": "1.0.1",
				"merge-descriptors": "1.0.1"
			}
		},
		"fs-extra": {
			"version": "5.0.0",
			"resolved": "https://registry.npmjs.org/fs-extra/-/fs-extra-5.0.0.tgz",
			"integrity": "sha512-66Pm4RYbjzdyeuqudYqhFiNBbCIuI9kgRqLPSHIlXHidW8NIQtVdkM1yeZ4lXwuhbTETv3EUGMNHAAw6hiundQ==",
			"dev": true,
			"requires": {
				"graceful-fs": "4.1.11",
				"jsonfile": "4.0.0",
				"universalify": "0.1.1"
			}
		},
		"graceful-fs": {
			"version": "4.1.11",
			"resolved": "https://registry.npmjs.org/graceful-fs/-/graceful-fs-4.1.11.tgz",
			"integrity": "sha1-Dovf5NHduIVNZOBOp8AOKgJuVlg=",
			"dev": true
		},
		"is-object": {
			"version": "1.0.1",
			"resolved": "https://registry.npmjs.org/is-object/-/is-object-1.0.1.tgz",
			"integrity": "sha1-iVJojF7C/9awPsyF52ngKQMINHA=",
			"dev": true
		},
		"jsonfile": {
			"version": "4.0.0",
			"resolved": "https://registry.npmjs.org/jsonfile/-/jsonfile-4.0.0.tgz",
			"integrity": "sha1-h3Gq4HmbZAdrdmQPygWPnBDjPss=",
			"dev": true,
			"requires": {
				"graceful-fs": "4.1.11"
			}
		},
		"merge-descriptors": {
			"version": "1.0.1",
			"resolved": "https://registry.npmjs.org/merge-descriptors/-/merge-descriptors-1.0.1.tgz",
			"integrity": "sha1-sAqqVW3YtEVoFQ7J0blT8/kMu2E=",
			"dev": true
		},
		"mock-fs": {
			"version": "4.4.2",
			"resolved": "https://registry.npmjs.org/mock-fs/-/mock-fs-4.4.2.tgz",
			"integrity": "sha512-dF+yxZSojSiI8AXGoxj5qdFWpucndc54Ug+TwlpHFaV7j22MGG+OML2+FVa6xAZtjb/OFFQhOC37Jegx2GbEwA==",
			"dev": true
		},
		"module-not-found-error": {
			"version": "1.0.1",
			"resolved": "https://registry.npmjs.org/module-not-found-error/-/module-not-found-error-1.0.1.tgz",
			"integrity": "sha1-z4tP9PKWQGdNbN0CsOO8UjwrvcA=",
			"dev": true
		},
		"ms": {
			"version": "2.0.0",
			"resolved": "https://registry.npmjs.org/ms/-/ms-2.0.0.tgz",
			"integrity": "sha1-VgiurfwAvmwpAd9fmGF4jeDVl8g="
		},
		"mz": {
			"version": "2.7.0",
			"resolved": "https://registry.npmjs.org/mz/-/mz-2.7.0.tgz",
			"integrity": "sha512-z81GNO7nnYMEhrGh9LeymoE4+Yr0Wn5McHIZMK5cfQCl+NDX08sCZgUc9/6MHni9IWuFLm1Z3HTCXu2z9fN62Q==",
			"dev": true,
			"requires": {
				"any-promise": "1.3.0",
				"object-assign": "4.1.1",
				"thenify-all": "1.6.0"
			}
		},
		"object-assign": {
			"version": "4.1.1",
			"resolved": "https://registry.npmjs.org/object-assign/-/object-assign-4.1.1.tgz",
			"integrity": "sha1-IQmtx5ZYh8/AXLvUQsrIv7s2CGM=",
			"dev": true
		},
		"path-parse": {
			"version": "1.0.5",
			"resolved": "https://registry.npmjs.org/path-parse/-/path-parse-1.0.5.tgz",
			"integrity": "sha1-PBrfhx6pzWyUMbbqK9dKD/BVxME=",
			"dev": true
		},
		"proxyquire": {
			"version": "2.0.1",
			"resolved": "https://registry.npmjs.org/proxyquire/-/proxyquire-2.0.1.tgz",
			"integrity": "sha512-fQr3VQrbdzHrdaDn3XuisVoJlJNDJizHAvUXw9IuXRR8BpV2x0N7LsCxrpJkeKfPbNjiNU/V5vc008cI0TmzzQ==",
			"dev": true,
			"requires": {
				"fill-keys": "1.0.2",
				"module-not-found-error": "1.0.1",
				"resolve": "1.5.0"
			}
		},
		"resolve": {
			"version": "1.5.0",
			"resolved": "https://registry.npmjs.org/resolve/-/resolve-1.5.0.tgz",
			"integrity": "sha512-hgoSGrc3pjzAPHNBg+KnFcK2HwlHTs/YrAGUr6qgTVUZmXv1UEXXl0bZNBKMA9fud6lRYFdPGz0xXxycPzmmiw==",
			"dev": true,
			"requires": {
				"path-parse": "1.0.5"
			}
		},
		"thenify": {
			"version": "3.3.0",
			"resolved": "https://registry.npmjs.org/thenify/-/thenify-3.3.0.tgz",
			"integrity": "sha1-5p44obq+lpsBCCB5eLn2K4hgSDk=",
			"dev": true,
			"requires": {
				"any-promise": "1.3.0"
			}
		},
		"thenify-all": {
			"version": "1.6.0",
			"resolved": "https://registry.npmjs.org/thenify-all/-/thenify-all-1.6.0.tgz",
			"integrity": "sha1-GhkY1ALY/D+Y+/I02wvMjMEOlyY=",
			"dev": true,
			"requires": {
				"thenify": "3.3.0"
			}
		},
		"universalify": {
			"version": "0.1.1",
			"resolved": "https://registry.npmjs.org/universalify/-/universalify-0.1.1.tgz",
			"integrity": "sha1-+nG63UQ3r0wUiEHjs7Fl+enlkLc=",
			"dev": true
		}
	}
}
