{
  "name": "@reggi/pkg-plugin-cobalt",
  "version": "0.0.192",
  "lockfileVersion": 1,
  "requires": true,
  "dependencies": {
    "@reggi/pkg-plugin-repo": {
      "version": "file:../pkg-plugin-repo",
      "requires": {
        "babel-runtime": "^6.26.0"
      },
      "dependencies": {
        "babel-runtime": {
          "version": "6.26.0",
          "bundled": true,
          "requires": {
            "core-js": "^2.4.0",
            "regenerator-runtime": "^0.11.0"
          }
        },
        "core-js": {
          "version": "2.5.7",
          "bundled": true
        },
        "regenerator-runtime": {
          "version": "0.11.1",
          "bundled": true
        }
      }
    }
  }
}
