{
  "name": "@reggi/pkg-plugin-cobalt",
  "version": "1.0.0",
  "lockfileVersion": 1,
  "requires": true,
  "dependencies": {
    "@reggi/pkg-plugin-babel-6-to-node-4": {
      "version": "file:../pkg-plugin-babel-6-to-node-4",
      "requires": {
        "@reggi/pkg.prop-overwrite": "file:../pkg.prop-overwrite"
      },
      "dependencies": {
        "@reggi/pkg.prop-overwrite": {
          "version": "file:../pkg.prop-overwrite",
          "bundled": true
        }
      }
    },
    "@reggi/pkg-plugin-jest": {
      "version": "file:../pkg-plugin-jest",
      "requires": {
        "@reggi/journey.coerce-to-array": "file:../journey.coerce-to-array",
        "@reggi/pkg.prop-overwrite": "file:../pkg.prop-overwrite",
        "lodash": "4.17.5"
      },
      "dependencies": {
        "@reggi/journey.coerce-to-array": {
          "version": "file:../journey.coerce-to-array",
          "bundled": true,
          "requires": {
            "lodash": "4.17.5"
          },
          "dependencies": {
            "lodash": {
              "version": "4.17.5",
              "bundled": true
            }
          }
        },
        "@reggi/pkg.prop-overwrite": {
          "version": "file:../pkg.prop-overwrite",
          "bundled": true
        },
        "lodash": {
          "version": "4.17.5",
          "bundled": true
        }
      }
    },
    "@reggi/pkg-plugin-name-dir": {
      "version": "file:../pkg-plugin-name-dir",
      "requires": {
        "lodash": "4.17.5"
      },
      "dependencies": {
        "lodash": {
          "version": "4.17.5",
          "bundled": true
        }
      }
    },
    "@reggi/pkg-plugin-prop": {
      "version": "file:../pkg-plugin-prop"
    },
    "@reggi/pkg-plugin-sort": {
      "version": "file:../pkg-plugin-sort",
      "requires": {
        "sort-package-json": "1.12.0"
      },
      "dependencies": {
        "sort-object-keys": {
          "version": "1.1.2",
          "bundled": true
        },
        "sort-package-json": {
          "version": "1.12.0",
          "bundled": true,
          "requires": {
            "sort-object-keys": "1.1.2"
          }
        }
      }
    },
    "@reggi/pkg-plugin-standard": {
      "version": "file:../pkg-plugin-standard",
      "requires": {
        "@reggi/journey.coerce-to-array": "file:../journey.coerce-to-array",
        "@reggi/pkg.prop-overwrite": "file:../pkg.prop-overwrite",
        "lodash": "4.17.5"
      },
      "dependencies": {
        "@reggi/journey.coerce-to-array": {
          "version": "file:../journey.coerce-to-array",
          "bundled": true,
          "requires": {
            "lodash": "4.17.5"
          },
          "dependencies": {
            "lodash": {
              "version": "4.17.5",
              "bundled": true
            }
          }
        },
        "@reggi/pkg.prop-overwrite": {
          "version": "file:../pkg.prop-overwrite",
          "bundled": true
        },
        "lodash": {
          "version": "4.17.5",
          "bundled": true
        }
      }
    }
  }
}
